
Microsoft Visual Studio Solution File, Format Version 12.00
# Visual Studio 15
VisualStudioVersion = 15.0.28010.2003
MinimumVisualStudioVersion = 10.0.40219.1
Project("{FAE04EC0-301F-11D3-BF4B-00C04F79EFBC}") = "Assignment_2", "Assignment_2\Assignment_2.csproj", "{5E2A48F7-B005-43D5-8613-1DDFC7BCD7F2}"
EndProject
Global
	GlobalSection(SolutionConfigurationPlatforms) = preSolution
		Debug|Any CPU = Debug|Any CPU
		Release|Any CPU = Release|Any CPU
	EndGlobalSection
	GlobalSection(ProjectConfigurationPlatforms) = postSolution
		{5E2A48F7-B005-43D5-8613-1DDFC7BCD7F2}.Debug|Any CPU.ActiveCfg = Debug|Any CPU
		{5E2A48F7-B005-43D5-8613-1DDFC7BCD7F2}.Debug|Any CPU.Build.0 = Debug|Any CPU
		{5E2A48F7-B005-43D5-8613-1DDFC7BCD7F2}.Release|Any CPU.ActiveCfg = Release|Any CPU
		{5E2A48F7-B005-43D5-8613-1DDFC7BCD7F2}.Release|Any CPU.Build.0 = Release|Any CPU
	EndGlobalSection
	GlobalSection(SolutionProperties) = preSolution
		HideSolutionNode = FALSE
	EndGlobalSection
	GlobalSection(ExtensibilityGlobals) = postSolution
		SolutionGuid = {D960CD5D-7053-40B4-B8AF-F9C6C9E18207}
	EndGlobalSection
EndGlobal
