
Microsoft Visual Studio Solution File, Format Version 12.00
# Visual Studio 15
VisualStudioVersion = 15.0.27703.2000
MinimumVisualStudioVersion = 10.0.40219.1
Project("{FAE04EC0-301F-11D3-BF4B-00C04F79EFBC}") = "Hernandez_Alejandro_Assigment6", "Hernandez_Alejandro_Assigment6\Hernandez_Alejandro_Assigment6.csproj", "{50FCB5A6-998F-450F-B035-B5F8C08283FB}"
EndProject
Global
	GlobalSection(SolutionConfigurationPlatforms) = preSolution
		Debug|Any CPU = Debug|Any CPU
		Release|Any CPU = Release|Any CPU
	EndGlobalSection
	GlobalSection(ProjectConfigurationPlatforms) = postSolution
		{50FCB5A6-998F-450F-B035-B5F8C08283FB}.Debug|Any CPU.ActiveCfg = Debug|Any CPU
		{50FCB5A6-998F-450F-B035-B5F8C08283FB}.Debug|Any CPU.Build.0 = Debug|Any CPU
		{50FCB5A6-998F-450F-B035-B5F8C08283FB}.Release|Any CPU.ActiveCfg = Release|Any CPU
		{50FCB5A6-998F-450F-B035-B5F8C08283FB}.Release|Any CPU.Build.0 = Release|Any CPU
	EndGlobalSection
	GlobalSection(SolutionProperties) = preSolution
		HideSolutionNode = FALSE
	EndGlobalSection
	GlobalSection(ExtensibilityGlobals) = postSolution
		SolutionGuid = {46769C59-718A-42A1-A97E-FB8D48AA5E7C}
	EndGlobalSection
EndGlobal
